
Microsoft Visual Studio Solution File, Format Version 12.00
# Visual Studio 14
VisualStudioVersion = 14.0.25420.1
MinimumVisualStudioVersion = 10.0.40219.1
Project("{FAE04EC0-301F-11D3-BF4B-00C04F79EFBC}") = "ReplayVsix", "ReplayVsix\ReplayVsix.csproj", "{5C8275B5-E2C1-4E03-98C3-4CD1E3AA6096}"
EndProject
Project("{FAE04EC0-301F-11D3-BF4B-00C04F79EFBC}") = "ReplayCmd", "ReplayCmd\ReplayCmd.csproj", "{1D0462CB-0A86-4F1E-8AB5-BFCF9B40B7B5}"
EndProject
Project("{2150E333-8FDC-42A3-9474-1A3956D46DE8}") = "Solution Items", "Solution Items", "{680BB5F5-50E1-49F7-8556-6DB9A78B00F9}"
	ProjectSection(SolutionItems) = preProject
		..\..\..\Documents\Visual Studio 2015\Projects\ConsoleApplicationCS\Program.cs = ..\..\..\Documents\Visual Studio 2015\Projects\ConsoleApplicationCS\Program.cs
	EndProjectSection
EndProject
Project("{FAE04EC0-301F-11D3-BF4B-00C04F79EFBC}") = "ReplayClient", "ReplayClient\ReplayClient.csproj", "{5874687D-070A-4FC6-AC63-F5AAE9D2DF17}"
EndProject
Global
	GlobalSection(SolutionConfigurationPlatforms) = preSolution
		Debug|Any CPU = Debug|Any CPU
		Release|Any CPU = Release|Any CPU
	EndGlobalSection
	GlobalSection(ProjectConfigurationPlatforms) = postSolution
		{5C8275B5-E2C1-4E03-98C3-4CD1E3AA6096}.Debug|Any CPU.ActiveCfg = Debug|Any CPU
		{5C8275B5-E2C1-4E03-98C3-4CD1E3AA6096}.Debug|Any CPU.Build.0 = Debug|Any CPU
		{5C8275B5-E2C1-4E03-98C3-4CD1E3AA6096}.Release|Any CPU.ActiveCfg = Release|Any CPU
		{5C8275B5-E2C1-4E03-98C3-4CD1E3AA6096}.Release|Any CPU.Build.0 = Release|Any CPU
		{1D0462CB-0A86-4F1E-8AB5-BFCF9B40B7B5}.Debug|Any CPU.ActiveCfg = Debug|Any CPU
		{1D0462CB-0A86-4F1E-8AB5-BFCF9B40B7B5}.Debug|Any CPU.Build.0 = Debug|Any CPU
		{1D0462CB-0A86-4F1E-8AB5-BFCF9B40B7B5}.Release|Any CPU.ActiveCfg = Release|Any CPU
		{1D0462CB-0A86-4F1E-8AB5-BFCF9B40B7B5}.Release|Any CPU.Build.0 = Release|Any CPU
		{5874687D-070A-4FC6-AC63-F5AAE9D2DF17}.Debug|Any CPU.ActiveCfg = Debug|Any CPU
		{5874687D-070A-4FC6-AC63-F5AAE9D2DF17}.Debug|Any CPU.Build.0 = Debug|Any CPU
		{5874687D-070A-4FC6-AC63-F5AAE9D2DF17}.Release|Any CPU.ActiveCfg = Release|Any CPU
		{5874687D-070A-4FC6-AC63-F5AAE9D2DF17}.Release|Any CPU.Build.0 = Release|Any CPU
	EndGlobalSection
	GlobalSection(SolutionProperties) = preSolution
		HideSolutionNode = FALSE
	EndGlobalSection
EndGlobal
