
Microsoft Visual Studio Solution File, Format Version 12.00
# Visual Studio 14
VisualStudioVersion = 14.0.25420.1
MinimumVisualStudioVersion = 10.0.40219.1
Project("{FAE04EC0-301F-11D3-BF4B-00C04F79EFBC}") = "ReplayVsix", "ReplayVsix\ReplayVsix.csproj", "{5C8275B5-E2C1-4E03-98C3-4CD1E3AA6096}"
EndProject
Project("{FAE04EC0-301F-11D3-BF4B-00C04F79EFBC}") = "TestHost", "TestHost\TestHost.csproj", "{1D0462CB-0A86-4F1E-8AB5-BFCF9B40B7B5}"
EndProject
Project("{FAE04EC0-301F-11D3-BF4B-00C04F79EFBC}") = "SampleTransformedCode", "SampleTransformedCode\SampleTransformedCode.csproj", "{5874687D-070A-4FC6-AC63-F5AAE9D2DF17}"
EndProject
Project("{8BB2217D-0F2D-49D1-97BC-3654ED321F3B}") = "TestWebsocketService", "TestWebsocketService\TestWebsocketService.xproj", "{961CABB7-1BF0-4D1C-996D-09BA52C8F078}"
EndProject
Project("{2150E333-8FDC-42A3-9474-1A3956D46DE8}") = "SampleProjects", "SampleProjects", "{F42761B9-A5B0-46FD-BE17-34D63A939339}"
EndProject
Project("{8BB2217D-0F2D-49D1-97BC-3654ED321F3B}") = "ConsoleApp1", "SampleProjects\ConsoleApp1\ConsoleApp1.xproj", "{7C7A9D98-AFAA-4853-8407-56D64D6B5356}"
EndProject
Project("{2150E333-8FDC-42A3-9474-1A3956D46DE8}") = "Solution Items", "Solution Items", "{9C128C0C-6489-4A68-A3DE-8E91A0D2F933}"
	ProjectSection(SolutionItems) = preProject
		CleanExp.cmd = CleanExp.cmd
	EndProjectSection
EndProject
Project("{FAE04EC0-301F-11D3-BF4B-00C04F79EFBC}") = "ConsoleApplication1", "SampleProjects\ConsoleApplication1\ConsoleApplication1.csproj", "{0F7D4533-F16A-4E66-BA3F-39A3465354C2}"
EndProject
Project("{8BB2217D-0F2D-49D1-97BC-3654ED321F3B}") = "HelloWorld", "SampleProjects\HelloWorld\HelloWorld.xproj", "{BAA8DE42-C52E-404B-B023-62AABB095109}"
EndProject
Project("{8BB2217D-0F2D-49D1-97BC-3654ED321F3B}") = "Methods", "SampleProjects\Methods\Methods.xproj", "{6616481E-1BBE-4426-9DB8-94D8EB184EB0}"
EndProject
Global
	GlobalSection(SolutionConfigurationPlatforms) = preSolution
		Debug|Any CPU = Debug|Any CPU
		Release|Any CPU = Release|Any CPU
	EndGlobalSection
	GlobalSection(ProjectConfigurationPlatforms) = postSolution
		{5C8275B5-E2C1-4E03-98C3-4CD1E3AA6096}.Debug|Any CPU.ActiveCfg = Debug|Any CPU
		{5C8275B5-E2C1-4E03-98C3-4CD1E3AA6096}.Debug|Any CPU.Build.0 = Debug|Any CPU
		{5C8275B5-E2C1-4E03-98C3-4CD1E3AA6096}.Release|Any CPU.ActiveCfg = Release|Any CPU
		{5C8275B5-E2C1-4E03-98C3-4CD1E3AA6096}.Release|Any CPU.Build.0 = Release|Any CPU
		{1D0462CB-0A86-4F1E-8AB5-BFCF9B40B7B5}.Debug|Any CPU.ActiveCfg = Debug|Any CPU
		{1D0462CB-0A86-4F1E-8AB5-BFCF9B40B7B5}.Debug|Any CPU.Build.0 = Debug|Any CPU
		{1D0462CB-0A86-4F1E-8AB5-BFCF9B40B7B5}.Release|Any CPU.ActiveCfg = Release|Any CPU
		{1D0462CB-0A86-4F1E-8AB5-BFCF9B40B7B5}.Release|Any CPU.Build.0 = Release|Any CPU
		{5874687D-070A-4FC6-AC63-F5AAE9D2DF17}.Debug|Any CPU.ActiveCfg = Debug|Any CPU
		{5874687D-070A-4FC6-AC63-F5AAE9D2DF17}.Debug|Any CPU.Build.0 = Debug|Any CPU
		{5874687D-070A-4FC6-AC63-F5AAE9D2DF17}.Release|Any CPU.ActiveCfg = Release|Any CPU
		{5874687D-070A-4FC6-AC63-F5AAE9D2DF17}.Release|Any CPU.Build.0 = Release|Any CPU
		{961CABB7-1BF0-4D1C-996D-09BA52C8F078}.Debug|Any CPU.ActiveCfg = Debug|Any CPU
		{961CABB7-1BF0-4D1C-996D-09BA52C8F078}.Debug|Any CPU.Build.0 = Debug|Any CPU
		{961CABB7-1BF0-4D1C-996D-09BA52C8F078}.Release|Any CPU.ActiveCfg = Release|Any CPU
		{961CABB7-1BF0-4D1C-996D-09BA52C8F078}.Release|Any CPU.Build.0 = Release|Any CPU
		{7C7A9D98-AFAA-4853-8407-56D64D6B5356}.Debug|Any CPU.ActiveCfg = Debug|Any CPU
		{7C7A9D98-AFAA-4853-8407-56D64D6B5356}.Debug|Any CPU.Build.0 = Debug|Any CPU
		{7C7A9D98-AFAA-4853-8407-56D64D6B5356}.Release|Any CPU.ActiveCfg = Release|Any CPU
		{7C7A9D98-AFAA-4853-8407-56D64D6B5356}.Release|Any CPU.Build.0 = Release|Any CPU
		{0F7D4533-F16A-4E66-BA3F-39A3465354C2}.Debug|Any CPU.ActiveCfg = Debug|Any CPU
		{0F7D4533-F16A-4E66-BA3F-39A3465354C2}.Debug|Any CPU.Build.0 = Debug|Any CPU
		{0F7D4533-F16A-4E66-BA3F-39A3465354C2}.Release|Any CPU.ActiveCfg = Release|Any CPU
		{0F7D4533-F16A-4E66-BA3F-39A3465354C2}.Release|Any CPU.Build.0 = Release|Any CPU
		{BAA8DE42-C52E-404B-B023-62AABB095109}.Debug|Any CPU.ActiveCfg = Debug|Any CPU
		{BAA8DE42-C52E-404B-B023-62AABB095109}.Debug|Any CPU.Build.0 = Debug|Any CPU
		{BAA8DE42-C52E-404B-B023-62AABB095109}.Release|Any CPU.ActiveCfg = Release|Any CPU
		{BAA8DE42-C52E-404B-B023-62AABB095109}.Release|Any CPU.Build.0 = Release|Any CPU
		{6616481E-1BBE-4426-9DB8-94D8EB184EB0}.Debug|Any CPU.ActiveCfg = Debug|Any CPU
		{6616481E-1BBE-4426-9DB8-94D8EB184EB0}.Debug|Any CPU.Build.0 = Debug|Any CPU
		{6616481E-1BBE-4426-9DB8-94D8EB184EB0}.Release|Any CPU.ActiveCfg = Release|Any CPU
		{6616481E-1BBE-4426-9DB8-94D8EB184EB0}.Release|Any CPU.Build.0 = Release|Any CPU
	EndGlobalSection
	GlobalSection(SolutionProperties) = preSolution
		HideSolutionNode = FALSE
	EndGlobalSection
	GlobalSection(NestedProjects) = preSolution
		{7C7A9D98-AFAA-4853-8407-56D64D6B5356} = {F42761B9-A5B0-46FD-BE17-34D63A939339}
		{0F7D4533-F16A-4E66-BA3F-39A3465354C2} = {F42761B9-A5B0-46FD-BE17-34D63A939339}
		{BAA8DE42-C52E-404B-B023-62AABB095109} = {F42761B9-A5B0-46FD-BE17-34D63A939339}
		{6616481E-1BBE-4426-9DB8-94D8EB184EB0} = {F42761B9-A5B0-46FD-BE17-34D63A939339}
	EndGlobalSection
EndGlobal
